
Microsoft Visual Studio Solution File, Format Version 12.00
# Visual Studio Version 16
VisualStudioVersion = 16.0.30804.86
MinimumVisualStudioVersion = 10.0.40219.1
Project("{9A19103F-16F7-4668-BE54-9A1E7A4F7556}") = "KAHVE-SATIS-UYGULAMASI", "KAHVE-SATIS-UYGULAMASI\KAHVE-SATIS-UYGULAMASI.csproj", "{96744B4C-0778-4779-A7FA-411BF96E2405}"
EndProject
Global
	GlobalSection(SolutionConfigurationPlatforms) = preSolution
		Debug|Any CPU = Debug|Any CPU
		Release|Any CPU = Release|Any CPU
	EndGlobalSection
	GlobalSection(ProjectConfigurationPlatforms) = postSolution
		{96744B4C-0778-4779-A7FA-411BF96E2405}.Debug|Any CPU.ActiveCfg = Debug|Any CPU
		{96744B4C-0778-4779-A7FA-411BF96E2405}.Debug|Any CPU.Build.0 = Debug|Any CPU
		{96744B4C-0778-4779-A7FA-411BF96E2405}.Release|Any CPU.ActiveCfg = Release|Any CPU
		{96744B4C-0778-4779-A7FA-411BF96E2405}.Release|Any CPU.Build.0 = Release|Any CPU
	EndGlobalSection
	GlobalSection(SolutionProperties) = preSolution
		HideSolutionNode = FALSE
	EndGlobalSection
	GlobalSection(ExtensibilityGlobals) = postSolution
		SolutionGuid = {8D00BDC8-0235-486D-A1CF-3CF766D625F7}
	EndGlobalSection
EndGlobal
